// !$*UTF8*$!
{
	archiveVersion = 1;
	classes = {
	};
	objectVersion = 56;
	objects = {

/* Begin PBXBuildFile section */
		DA7C25AD2BEB06BC008DCFDC /* Study.swift in Sources */ = {isa = PBXBuildFile; fileRef = DA7C25AC2BEB06BC008DCFDC /* Study.swift */; };
		DA7C25AF2BEB087E008DCFDC /* Series.swift in Sources */ = {isa = PBXBuildFile; fileRef = DA7C25AE2BEB087E008DCFDC /* Series.swift */; };
		DA7C25B22BEB12FB008DCFDC /* NetworkService.swift in Sources */ = {isa = PBXBuildFile; fileRef = DA7C25B12BEB12FB008DCFDC /* NetworkService.swift */; };
		DA7C25B42BEB160E008DCFDC /* NetworkRequest.swift in Sources */ = {isa = PBXBuildFile; fileRef = DA7C25B32BEB160E008DCFDC /* NetworkRequest.swift */; };
		DA7C25B72BEB1789008DCFDC /* AppConstants.swift in Sources */ = {isa = PBXBuildFile; fileRef = DA7C25B62BEB1789008DCFDC /* AppConstants.swift */; };
		DA7C25BA2BEB3850008DCFDC /* MainViewModel.swift in Sources */ = {isa = PBXBuildFile; fileRef = DA7C25B92BEB3850008DCFDC /* MainViewModel.swift */; };
		DA7C25BE2BEB5BF6008DCFDC /* DicomTableViewCell.xib in Resources */ = {isa = PBXBuildFile; fileRef = DA7C25BD2BEB5BF6008DCFDC /* DicomTableViewCell.xib */; };
		DA7C25C02BEB6680008DCFDC /* DicomTableViewCell.swift in Sources */ = {isa = PBXBuildFile; fileRef = DA7C25BF2BEB6680008DCFDC /* DicomTableViewCell.swift */; };
		DA7C25C22BEC65C1008DCFDC /* StudySection.swift in Sources */ = {isa = PBXBuildFile; fileRef = DA7C25C12BEC65C1008DCFDC /* StudySection.swift */; };
		DA7C25C42BEC8E74008DCFDC /* SeriesTableViewCell.xib in Resources */ = {isa = PBXBuildFile; fileRef = DA7C25C32BEC8E74008DCFDC /* SeriesTableViewCell.xib */; };
		DA7C25C62BEC8F11008DCFDC /* SeriesTableViewCell.swift in Sources */ = {isa = PBXBuildFile; fileRef = DA7C25C52BEC8F11008DCFDC /* SeriesTableViewCell.swift */; };
		DA7C25D32BEDA9FE008DCFDC /* UITableViewCell+identifier.swift in Sources */ = {isa = PBXBuildFile; fileRef = DA7C25D22BEDA9FE008DCFDC /* UITableViewCell+identifier.swift */; };
		DA7C25D82BEDB19F008DCFDC /* study_mock.json in Resources */ = {isa = PBXBuildFile; fileRef = DA7C25D42BEDACD3008DCFDC /* study_mock.json */; };
		DA8EEA292BEA245100B20493 /* AppDelegate.swift in Sources */ = {isa = PBXBuildFile; fileRef = DA8EEA282BEA245100B20493 /* AppDelegate.swift */; };
		DA8EEA2B2BEA245100B20493 /* SceneDelegate.swift in Sources */ = {isa = PBXBuildFile; fileRef = DA8EEA2A2BEA245100B20493 /* SceneDelegate.swift */; };
		DA8EEA2D2BEA245100B20493 /* MainViewController.swift in Sources */ = {isa = PBXBuildFile; fileRef = DA8EEA2C2BEA245100B20493 /* MainViewController.swift */; };
		DA8EEA302BEA245100B20493 /* Main.storyboard in Resources */ = {isa = PBXBuildFile; fileRef = DA8EEA2E2BEA245100B20493 /* Main.storyboard */; };
		DA8EEA322BEA245200B20493 /* Assets.xcassets in Resources */ = {isa = PBXBuildFile; fileRef = DA8EEA312BEA245200B20493 /* Assets.xcassets */; };
		DA8EEA352BEA245200B20493 /* LaunchScreen.storyboard in Resources */ = {isa = PBXBuildFile; fileRef = DA8EEA332BEA245200B20493 /* LaunchScreen.storyboard */; };
		DA8EEA402BEA245200B20493 /* Task2Tests.swift in Sources */ = {isa = PBXBuildFile; fileRef = DA8EEA3F2BEA245200B20493 /* Task2Tests.swift */; };
		DA8EEA4A2BEA245200B20493 /* Task2UITests.swift in Sources */ = {isa = PBXBuildFile; fileRef = DA8EEA492BEA245200B20493 /* Task2UITests.swift */; };
		DA8EEA4C2BEA245200B20493 /* Task2UITestsLaunchTests.swift in Sources */ = {isa = PBXBuildFile; fileRef = DA8EEA4B2BEA245200B20493 /* Task2UITestsLaunchTests.swift */; };
		DAB4226F2BF1D572005CAE27 /* Errors.swift in Sources */ = {isa = PBXBuildFile; fileRef = DAB422692BF1D572005CAE27 /* Errors.swift */; };
		DAB422702BF1D572005CAE27 /* NrrdRaw.swift in Sources */ = {isa = PBXBuildFile; fileRef = DAB4226A2BF1D572005CAE27 /* NrrdRaw.swift */; };
		DAB422712BF1D572005CAE27 /* NrrdHeader.swift in Sources */ = {isa = PBXBuildFile; fileRef = DAB4226B2BF1D572005CAE27 /* NrrdHeader.swift */; };
		DAB422732BF1D572005CAE27 /* BinaryReader.swift in Sources */ = {isa = PBXBuildFile; fileRef = DAB4226D2BF1D572005CAE27 /* BinaryReader.swift */; };
		DAB422742BF1D572005CAE27 /* Logger.swift in Sources */ = {isa = PBXBuildFile; fileRef = DAB4226E2BF1D572005CAE27 /* Logger.swift */; };
		DAB422772BF1D578005CAE27 /* NrrdUtil.swift in Sources */ = {isa = PBXBuildFile; fileRef = DAB422752BF1D578005CAE27 /* NrrdUtil.swift */; };
		DAB422782BF1D578005CAE27 /* Types.swift in Sources */ = {isa = PBXBuildFile; fileRef = DAB422762BF1D578005CAE27 /* Types.swift */; };
		DAB4227C2BF1D5F0005CAE27 /* GZIP in Frameworks */ = {isa = PBXBuildFile; productRef = DAB4227B2BF1D5F0005CAE27 /* GZIP */; };
		DAB422802BF1D793005CAE27 /* String.swift in Sources */ = {isa = PBXBuildFile; fileRef = DAB4227F2BF1D793005CAE27 /* String.swift */; };
		DAB422D72BF5D0B7005CAE27 /* AppLogger.swift in Sources */ = {isa = PBXBuildFile; fileRef = DAB422D62BF5D0B7005CAE27 /* AppLogger.swift */; };
/* End PBXBuildFile section */

/* Begin PBXContainerItemProxy section */
		DA7C25D02BECCEDF008DCFDC /* PBXContainerItemProxy */ = {
			isa = PBXContainerItemProxy;
			containerPortal = DA8EEA1D2BEA245100B20493 /* Project object */;
			proxyType = 1;
			remoteGlobalIDString = DA8EEA242BEA245100B20493;
			remoteInfo = Task2;
		};
		DA8EEA3C2BEA245200B20493 /* PBXContainerItemProxy */ = {
			isa = PBXContainerItemProxy;
			containerPortal = DA8EEA1D2BEA245100B20493 /* Project object */;
			proxyType = 1;
			remoteGlobalIDString = DA8EEA242BEA245100B20493;
			remoteInfo = Task2;
		};
/* End PBXContainerItemProxy section */

/* Begin PBXFileReference section */
		DA7C25AC2BEB06BC008DCFDC /* Study.swift */ = {isa = PBXFileReference; lastKnownFileType = sourcecode.swift; path = Study.swift; sourceTree = "<group>"; };
		DA7C25AE2BEB087E008DCFDC /* Series.swift */ = {isa = PBXFileReference; lastKnownFileType = sourcecode.swift; path = Series.swift; sourceTree = "<group>"; };
		DA7C25B12BEB12FB008DCFDC /* NetworkService.swift */ = {isa = PBXFileReference; lastKnownFileType = sourcecode.swift; path = NetworkService.swift; sourceTree = "<group>"; };
		DA7C25B32BEB160E008DCFDC /* NetworkRequest.swift */ = {isa = PBXFileReference; lastKnownFileType = sourcecode.swift; path = NetworkRequest.swift; sourceTree = "<group>"; };
		DA7C25B62BEB1789008DCFDC /* AppConstants.swift */ = {isa = PBXFileReference; lastKnownFileType = sourcecode.swift; path = AppConstants.swift; sourceTree = "<group>"; };
		DA7C25B92BEB3850008DCFDC /* MainViewModel.swift */ = {isa = PBXFileReference; lastKnownFileType = sourcecode.swift; path = MainViewModel.swift; sourceTree = "<group>"; };
		DA7C25BD2BEB5BF6008DCFDC /* DicomTableViewCell.xib */ = {isa = PBXFileReference; lastKnownFileType = file.xib; path = DicomTableViewCell.xib; sourceTree = "<group>"; };
		DA7C25BF2BEB6680008DCFDC /* DicomTableViewCell.swift */ = {isa = PBXFileReference; lastKnownFileType = sourcecode.swift; path = DicomTableViewCell.swift; sourceTree = "<group>"; };
		DA7C25C12BEC65C1008DCFDC /* StudySection.swift */ = {isa = PBXFileReference; lastKnownFileType = sourcecode.swift; path = StudySection.swift; sourceTree = "<group>"; };
		DA7C25C32BEC8E74008DCFDC /* SeriesTableViewCell.xib */ = {isa = PBXFileReference; lastKnownFileType = file.xib; path = SeriesTableViewCell.xib; sourceTree = "<group>"; };
		DA7C25C52BEC8F11008DCFDC /* SeriesTableViewCell.swift */ = {isa = PBXFileReference; lastKnownFileType = sourcecode.swift; path = SeriesTableViewCell.swift; sourceTree = "<group>"; };
		DA7C25D22BEDA9FE008DCFDC /* UITableViewCell+identifier.swift */ = {isa = PBXFileReference; lastKnownFileType = sourcecode.swift; path = "UITableViewCell+identifier.swift"; sourceTree = "<group>"; };
		DA7C25D42BEDACD3008DCFDC /* study_mock.json */ = {isa = PBXFileReference; lastKnownFileType = text.json; path = study_mock.json; sourceTree = "<group>"; };
		DA8EEA252BEA245100B20493 /* Task2.app */ = {isa = PBXFileReference; explicitFileType = wrapper.application; includeInIndex = 0; path = Task2.app; sourceTree = BUILT_PRODUCTS_DIR; };
		DA8EEA282BEA245100B20493 /* AppDelegate.swift */ = {isa = PBXFileReference; lastKnownFileType = sourcecode.swift; path = AppDelegate.swift; sourceTree = "<group>"; };
		DA8EEA2A2BEA245100B20493 /* SceneDelegate.swift */ = {isa = PBXFileReference; lastKnownFileType = sourcecode.swift; path = SceneDelegate.swift; sourceTree = "<group>"; };
		DA8EEA2C2BEA245100B20493 /* MainViewController.swift */ = {isa = PBXFileReference; lastKnownFileType = sourcecode.swift; path = MainViewController.swift; sourceTree = "<group>"; };
		DA8EEA2F2BEA245100B20493 /* Base */ = {isa = PBXFileReference; lastKnownFileType = file.storyboard; name = Base; path = Base.lproj/Main.storyboard; sourceTree = "<group>"; };
		DA8EEA312BEA245200B20493 /* Assets.xcassets */ = {isa = PBXFileReference; lastKnownFileType = folder.assetcatalog; path = Assets.xcassets; sourceTree = "<group>"; };
		DA8EEA342BEA245200B20493 /* Base */ = {isa = PBXFileReference; lastKnownFileType = file.storyboard; name = Base; path = Base.lproj/LaunchScreen.storyboard; sourceTree = "<group>"; };
		DA8EEA362BEA245200B20493 /* Info.plist */ = {isa = PBXFileReference; lastKnownFileType = text.plist.xml; path = Info.plist; sourceTree = "<group>"; };
		DA8EEA3B2BEA245200B20493 /* Task2Tests.xctest */ = {isa = PBXFileReference; explicitFileType = wrapper.cfbundle; includeInIndex = 0; path = Task2Tests.xctest; sourceTree = BUILT_PRODUCTS_DIR; };
		DA8EEA3F2BEA245200B20493 /* Task2Tests.swift */ = {isa = PBXFileReference; lastKnownFileType = sourcecode.swift; path = Task2Tests.swift; sourceTree = "<group>"; };
		DA8EEA452BEA245200B20493 /* Task2UITests.xctest */ = {isa = PBXFileReference; explicitFileType = wrapper.cfbundle; includeInIndex = 0; path = Task2UITests.xctest; sourceTree = BUILT_PRODUCTS_DIR; };
		DA8EEA492BEA245200B20493 /* Task2UITests.swift */ = {isa = PBXFileReference; lastKnownFileType = sourcecode.swift; path = Task2UITests.swift; sourceTree = "<group>"; };
		DA8EEA4B2BEA245200B20493 /* Task2UITestsLaunchTests.swift */ = {isa = PBXFileReference; lastKnownFileType = sourcecode.swift; path = Task2UITestsLaunchTests.swift; sourceTree = "<group>"; };
		DAB422692BF1D572005CAE27 /* Errors.swift */ = {isa = PBXFileReference; fileEncoding = 4; lastKnownFileType = sourcecode.swift; path = Errors.swift; sourceTree = "<group>"; };
		DAB4226A2BF1D572005CAE27 /* NrrdRaw.swift */ = {isa = PBXFileReference; fileEncoding = 4; lastKnownFileType = sourcecode.swift; path = NrrdRaw.swift; sourceTree = "<group>"; };
		DAB4226B2BF1D572005CAE27 /* NrrdHeader.swift */ = {isa = PBXFileReference; fileEncoding = 4; lastKnownFileType = sourcecode.swift; path = NrrdHeader.swift; sourceTree = "<group>"; };
		DAB4226D2BF1D572005CAE27 /* BinaryReader.swift */ = {isa = PBXFileReference; fileEncoding = 4; lastKnownFileType = sourcecode.swift; path = BinaryReader.swift; sourceTree = "<group>"; };
		DAB4226E2BF1D572005CAE27 /* Logger.swift */ = {isa = PBXFileReference; fileEncoding = 4; lastKnownFileType = sourcecode.swift; path = Logger.swift; sourceTree = "<group>"; };
		DAB422752BF1D578005CAE27 /* NrrdUtil.swift */ = {isa = PBXFileReference; fileEncoding = 4; lastKnownFileType = sourcecode.swift; path = NrrdUtil.swift; sourceTree = "<group>"; };
		DAB422762BF1D578005CAE27 /* Types.swift */ = {isa = PBXFileReference; fileEncoding = 4; lastKnownFileType = sourcecode.swift; path = Types.swift; sourceTree = "<group>"; };
		DAB4227F2BF1D793005CAE27 /* String.swift */ = {isa = PBXFileReference; fileEncoding = 4; lastKnownFileType = sourcecode.swift; path = String.swift; sourceTree = "<group>"; };
		DAB422D62BF5D0B7005CAE27 /* AppLogger.swift */ = {isa = PBXFileReference; lastKnownFileType = sourcecode.swift; path = AppLogger.swift; sourceTree = "<group>"; };
/* End PBXFileReference section */

/* Begin PBXFrameworksBuildPhase section */
		DA8EEA222BEA245100B20493 /* Frameworks */ = {
			isa = PBXFrameworksBuildPhase;
			buildActionMask = 2147483647;
			files = (
				DAB4227C2BF1D5F0005CAE27 /* GZIP in Frameworks */,
			);
			runOnlyForDeploymentPostprocessing = 0;
		};
		DA8EEA382BEA245200B20493 /* Frameworks */ = {
			isa = PBXFrameworksBuildPhase;
			buildActionMask = 2147483647;
			files = (
			);
			runOnlyForDeploymentPostprocessing = 0;
		};
		DA8EEA422BEA245200B20493 /* Frameworks */ = {
			isa = PBXFrameworksBuildPhase;
			buildActionMask = 2147483647;
			files = (
			);
			runOnlyForDeploymentPostprocessing = 0;
		};
/* End PBXFrameworksBuildPhase section */

/* Begin PBXGroup section */
		DA7C25AB2BEB06A0008DCFDC /* Models */ = {
			isa = PBXGroup;
			children = (
				DA7C25AC2BEB06BC008DCFDC /* Study.swift */,
				DA7C25AE2BEB087E008DCFDC /* Series.swift */,
			);
			path = Models;
			sourceTree = "<group>";
		};
		DA7C25B02BEB0F96008DCFDC /* Network */ = {
			isa = PBXGroup;
			children = (
				DA7C25B12BEB12FB008DCFDC /* NetworkService.swift */,
				DA7C25B32BEB160E008DCFDC /* NetworkRequest.swift */,
			);
			path = Network;
			sourceTree = "<group>";
		};
		DA7C25B52BEB177D008DCFDC /* Utils */ = {
			isa = PBXGroup;
			children = (
				DA7C25B62BEB1789008DCFDC /* AppConstants.swift */,
				DAB422D62BF5D0B7005CAE27 /* AppLogger.swift */,
			);
			path = Utils;
			sourceTree = "<group>";
		};
		DA7C25B82BEB3843008DCFDC /* ViewModels */ = {
			isa = PBXGroup;
			children = (
				DA7C25B92BEB3850008DCFDC /* MainViewModel.swift */,
				DA7C25C12BEC65C1008DCFDC /* StudySection.swift */,
			);
			path = ViewModels;
			sourceTree = "<group>";
		};
		DA7C25BB2BEB5B92008DCFDC /* ViewControllers */ = {
			isa = PBXGroup;
			children = (
				DA8EEA2E2BEA245100B20493 /* Main.storyboard */,
				DA8EEA2C2BEA245100B20493 /* MainViewController.swift */,
			);
			path = ViewControllers;
			sourceTree = "<group>";
		};
		DA7C25BC2BEB5BA0008DCFDC /* Views */ = {
			isa = PBXGroup;
			children = (
				DA7C25BD2BEB5BF6008DCFDC /* DicomTableViewCell.xib */,
				DA7C25BF2BEB6680008DCFDC /* DicomTableViewCell.swift */,
				DA7C25C32BEC8E74008DCFDC /* SeriesTableViewCell.xib */,
				DA7C25C52BEC8F11008DCFDC /* SeriesTableViewCell.swift */,
			);
			path = Views;
			sourceTree = "<group>";
		};
		DA7C25D12BEDA9DD008DCFDC /* Extensions */ = {
			isa = PBXGroup;
			children = (
				DA7C25D22BEDA9FE008DCFDC /* UITableViewCell+identifier.swift */,
			);
			path = Extensions;
			sourceTree = "<group>";
		};
		DA7C25D52BEDACDC008DCFDC /* Resources */ = {
			isa = PBXGroup;
			children = (
				DA7C25D42BEDACD3008DCFDC /* study_mock.json */,
			);
			path = Resources;
			sourceTree = "<group>";
		};
		DA8EEA1C2BEA245100B20493 = {
			isa = PBXGroup;
			children = (
				DA8EEA272BEA245100B20493 /* Task2 */,
				DA8EEA3E2BEA245200B20493 /* Task2Tests */,
				DA8EEA482BEA245200B20493 /* Task2UITests */,
				DA8EEA262BEA245100B20493 /* Products */,
			);
			sourceTree = "<group>";
		};
		DA8EEA262BEA245100B20493 /* Products */ = {
			isa = PBXGroup;
			children = (
				DA8EEA252BEA245100B20493 /* Task2.app */,
				DA8EEA3B2BEA245200B20493 /* Task2Tests.xctest */,
				DA8EEA452BEA245200B20493 /* Task2UITests.xctest */,
			);
			name = Products;
			sourceTree = "<group>";
		};
		DA8EEA272BEA245100B20493 /* Task2 */ = {
			isa = PBXGroup;
			children = (
				DAB422682BF1D565005CAE27 /* Nrrd */,
				DA7C25D12BEDA9DD008DCFDC /* Extensions */,
				DA7C25BB2BEB5B92008DCFDC /* ViewControllers */,
				DA7C25BC2BEB5BA0008DCFDC /* Views */,
				DA7C25B82BEB3843008DCFDC /* ViewModels */,
				DA7C25B52BEB177D008DCFDC /* Utils */,
				DA7C25B02BEB0F96008DCFDC /* Network */,
				DA7C25AB2BEB06A0008DCFDC /* Models */,
				DA8EEA282BEA245100B20493 /* AppDelegate.swift */,
				DA8EEA2A2BEA245100B20493 /* SceneDelegate.swift */,
				DA8EEA312BEA245200B20493 /* Assets.xcassets */,
				DA8EEA332BEA245200B20493 /* LaunchScreen.storyboard */,
				DA8EEA362BEA245200B20493 /* Info.plist */,
			);
			path = Task2;
			sourceTree = "<group>";
		};
		DA8EEA3E2BEA245200B20493 /* Task2Tests */ = {
			isa = PBXGroup;
			children = (
				DA7C25D52BEDACDC008DCFDC /* Resources */,
				DA8EEA3F2BEA245200B20493 /* Task2Tests.swift */,
			);
			path = Task2Tests;
			sourceTree = "<group>";
		};
		DA8EEA482BEA245200B20493 /* Task2UITests */ = {
			isa = PBXGroup;
			children = (
				DA8EEA492BEA245200B20493 /* Task2UITests.swift */,
				DA8EEA4B2BEA245200B20493 /* Task2UITestsLaunchTests.swift */,
			);
			path = Task2UITests;
			sourceTree = "<group>";
		};
		DAB422682BF1D565005CAE27 /* Nrrd */ = {
			isa = PBXGroup;
			children = (
				DAB422752BF1D578005CAE27 /* NrrdUtil.swift */,
				DAB422762BF1D578005CAE27 /* Types.swift */,
				DAB4227F2BF1D793005CAE27 /* String.swift */,
				DAB4226D2BF1D572005CAE27 /* BinaryReader.swift */,
				DAB422692BF1D572005CAE27 /* Errors.swift */,
				DAB4226E2BF1D572005CAE27 /* Logger.swift */,
				DAB4226B2BF1D572005CAE27 /* NrrdHeader.swift */,
				DAB4226A2BF1D572005CAE27 /* NrrdRaw.swift */,
			);
			path = Nrrd;
			sourceTree = "<group>";
		};
/* End PBXGroup section */

/* Begin PBXNativeTarget section */
		DA8EEA242BEA245100B20493 /* Task2 */ = {
			isa = PBXNativeTarget;
			buildConfigurationList = DA8EEA4F2BEA245200B20493 /* Build configuration list for PBXNativeTarget "Task2" */;
			buildPhases = (
				DA8EEA212BEA245100B20493 /* Sources */,
				DA8EEA222BEA245100B20493 /* Frameworks */,
				DA8EEA232BEA245100B20493 /* Resources */,
			);
			buildRules = (
			);
			dependencies = (
			);
			name = Task2;
			packageProductDependencies = (
				DAB4227B2BF1D5F0005CAE27 /* GZIP */,
			);
			productName = Task2;
			productReference = DA8EEA252BEA245100B20493 /* Task2.app */;
			productType = "com.apple.product-type.application";
		};
		DA8EEA3A2BEA245200B20493 /* Task2Tests */ = {
			isa = PBXNativeTarget;
			buildConfigurationList = DA8EEA522BEA245200B20493 /* Build configuration list for PBXNativeTarget "Task2Tests" */;
			buildPhases = (
				DA8EEA372BEA245200B20493 /* Sources */,
				DA8EEA382BEA245200B20493 /* Frameworks */,
				DA8EEA392BEA245200B20493 /* Resources */,
			);
			buildRules = (
			);
			dependencies = (
				DA8EEA3D2BEA245200B20493 /* PBXTargetDependency */,
			);
			name = Task2Tests;
			productName = Task2Tests;
			productReference = DA8EEA3B2BEA245200B20493 /* Task2Tests.xctest */;
			productType = "com.apple.product-type.bundle.unit-test";
		};
		DA8EEA442BEA245200B20493 /* Task2UITests */ = {
			isa = PBXNativeTarget;
			buildConfigurationList = DA8EEA552BEA245200B20493 /* Build configuration list for PBXNativeTarget "Task2UITests" */;
			buildPhases = (
				DA8EEA412BEA245200B20493 /* Sources */,
				DA8EEA422BEA245200B20493 /* Frameworks */,
				DA8EEA432BEA245200B20493 /* Resources */,
			);
			buildRules = (
			);
			dependencies = (
				DA8EEA472BEA245200B20493 /* PBXTargetDependency */,
			);
			name = Task2UITests;
			productName = Task2UITests;
			productReference = DA8EEA452BEA245200B20493 /* Task2UITests.xctest */;
			productType = "com.apple.product-type.bundle.ui-testing";
		};
/* End PBXNativeTarget section */

/* Begin PBXProject section */
		DA8EEA1D2BEA245100B20493 /* Project object */ = {
			isa = PBXProject;
			attributes = {
				BuildIndependentTargetsInParallel = 1;
				LastSwiftUpdateCheck = 1510;
				LastUpgradeCheck = 1510;
				TargetAttributes = {
					DA8EEA242BEA245100B20493 = {
						CreatedOnToolsVersion = 15.1;
					};
					DA8EEA3A2BEA245200B20493 = {
						CreatedOnToolsVersion = 15.1;
						TestTargetID = DA8EEA242BEA245100B20493;
					};
					DA8EEA442BEA245200B20493 = {
						CreatedOnToolsVersion = 15.1;
						TestTargetID = DA8EEA242BEA245100B20493;
					};
				};
			};
			buildConfigurationList = DA8EEA202BEA245100B20493 /* Build configuration list for PBXProject "Task2" */;
			compatibilityVersion = "Xcode 14.0";
			developmentRegion = en;
			hasScannedForEncodings = 0;
			knownRegions = (
				en,
				Base,
			);
			mainGroup = DA8EEA1C2BEA245100B20493;
			packageReferences = (
				DAB422792BF1D5DB005CAE27 /* XCRemoteSwiftPackageReference "Alamofire" */,
				DAB4227A2BF1D5F0005CAE27 /* XCRemoteSwiftPackageReference "GZIP" */,
			);
			productRefGroup = DA8EEA262BEA245100B20493 /* Products */;
			projectDirPath = "";
			projectRoot = "";
			targets = (
				DA8EEA242BEA245100B20493 /* Task2 */,
				DA8EEA3A2BEA245200B20493 /* Task2Tests */,
				DA8EEA442BEA245200B20493 /* Task2UITests */,
			);
		};
/* End PBXProject section */

/* Begin PBXResourcesBuildPhase section */
		DA8EEA232BEA245100B20493 /* Resources */ = {
			isa = PBXResourcesBuildPhase;
			buildActionMask = 2147483647;
			files = (
				DA8EEA352BEA245200B20493 /* LaunchScreen.storyboard in Resources */,
				DA8EEA322BEA245200B20493 /* Assets.xcassets in Resources */,
				DA7C25C42BEC8E74008DCFDC /* SeriesTableViewCell.xib in Resources */,
				DA7C25BE2BEB5BF6008DCFDC /* DicomTableViewCell.xib in Resources */,
				DA8EEA302BEA245100B20493 /* Main.storyboard in Resources */,
				DA7C25D82BEDB19F008DCFDC /* study_mock.json in Resources */,
			);
			runOnlyForDeploymentPostprocessing = 0;
		};
		DA8EEA392BEA245200B20493 /* Resources */ = {
			isa = PBXResourcesBuildPhase;
			buildActionMask = 2147483647;
			files = (
			);
			runOnlyForDeploymentPostprocessing = 0;
		};
		DA8EEA432BEA245200B20493 /* Resources */ = {
			isa = PBXResourcesBuildPhase;
			buildActionMask = 2147483647;
			files = (
			);
			runOnlyForDeploymentPostprocessing = 0;
		};
/* End PBXResourcesBuildPhase section */

/* Begin PBXSourcesBuildPhase section */
		DA8EEA212BEA245100B20493 /* Sources */ = {
			isa = PBXSourcesBuildPhase;
			buildActionMask = 2147483647;
			files = (
				DAB422742BF1D572005CAE27 /* Logger.swift in Sources */,
				DAB422702BF1D572005CAE27 /* NrrdRaw.swift in Sources */,
				DA7C25C02BEB6680008DCFDC /* DicomTableViewCell.swift in Sources */,
				DAB422782BF1D578005CAE27 /* Types.swift in Sources */,
				DA7C25B42BEB160E008DCFDC /* NetworkRequest.swift in Sources */,
				DA7C25B22BEB12FB008DCFDC /* NetworkService.swift in Sources */,
				DA8EEA2D2BEA245100B20493 /* MainViewController.swift in Sources */,
				DAB422732BF1D572005CAE27 /* BinaryReader.swift in Sources */,
				DA7C25B72BEB1789008DCFDC /* AppConstants.swift in Sources */,
				DAB422D72BF5D0B7005CAE27 /* AppLogger.swift in Sources */,
				DA8EEA292BEA245100B20493 /* AppDelegate.swift in Sources */,
				DAB422772BF1D578005CAE27 /* NrrdUtil.swift in Sources */,
				DAB4226F2BF1D572005CAE27 /* Errors.swift in Sources */,
				DA8EEA2B2BEA245100B20493 /* SceneDelegate.swift in Sources */,
				DA7C25AD2BEB06BC008DCFDC /* Study.swift in Sources */,
				DAB422712BF1D572005CAE27 /* NrrdHeader.swift in Sources */,
				DA7C25D32BEDA9FE008DCFDC /* UITableViewCell+identifier.swift in Sources */,
				DA7C25BA2BEB3850008DCFDC /* MainViewModel.swift in Sources */,
				DA7C25C22BEC65C1008DCFDC /* StudySection.swift in Sources */,
				DAB422802BF1D793005CAE27 /* String.swift in Sources */,
				DA7C25C62BEC8F11008DCFDC /* SeriesTableViewCell.swift in Sources */,
				DA7C25AF2BEB087E008DCFDC /* Series.swift in Sources */,
			);
			runOnlyForDeploymentPostprocessing = 0;
		};
		DA8EEA372BEA245200B20493 /* Sources */ = {
			isa = PBXSourcesBuildPhase;
			buildActionMask = 2147483647;
			files = (
				DA8EEA402BEA245200B20493 /* Task2Tests.swift in Sources */,
			);
			runOnlyForDeploymentPostprocessing = 0;
		};
		DA8EEA412BEA245200B20493 /* Sources */ = {
			isa = PBXSourcesBuildPhase;
			buildActionMask = 2147483647;
			files = (
				DA8EEA4C2BEA245200B20493 /* Task2UITestsLaunchTests.swift in Sources */,
				DA8EEA4A2BEA245200B20493 /* Task2UITests.swift in Sources */,
			);
			runOnlyForDeploymentPostprocessing = 0;
		};
/* End PBXSourcesBuildPhase section */

/* Begin PBXTargetDependency section */
		DA8EEA3D2BEA245200B20493 /* PBXTargetDependency */ = {
			isa = PBXTargetDependency;
			target = DA8EEA242BEA245100B20493 /* Task2 */;
			targetProxy = DA8EEA3C2BEA245200B20493 /* PBXContainerItemProxy */;
		};
		DA8EEA472BEA245200B20493 /* PBXTargetDependency */ = {
			isa = PBXTargetDependency;
			target = DA8EEA242BEA245100B20493 /* Task2 */;
			targetProxy = DA7C25D02BECCEDF008DCFDC /* PBXContainerItemProxy */;
		};
/* End PBXTargetDependency section */

/* Begin PBXVariantGroup section */
		DA8EEA2E2BEA245100B20493 /* Main.storyboard */ = {
			isa = PBXVariantGroup;
			children = (
				DA8EEA2F2BEA245100B20493 /* Base */,
			);
			name = Main.storyboard;
			sourceTree = "<group>";
		};
		DA8EEA332BEA245200B20493 /* LaunchScreen.storyboard */ = {
			isa = PBXVariantGroup;
			children = (
				DA8EEA342BEA245200B20493 /* Base */,
			);
			name = LaunchScreen.storyboard;
			sourceTree = "<group>";
		};
/* End PBXVariantGroup section */

/* Begin XCBuildConfiguration section */
		DA8EEA4D2BEA245200B20493 /* Debug */ = {
			isa = XCBuildConfiguration;
			buildSettings = {
				ALWAYS_SEARCH_USER_PATHS = NO;
				ASSETCATALOG_COMPILER_GENERATE_SWIFT_ASSET_SYMBOL_EXTENSIONS = YES;
				CLANG_ANALYZER_NONNULL = YES;
				CLANG_ANALYZER_NUMBER_OBJECT_CONVERSION = YES_AGGRESSIVE;
				CLANG_CXX_LANGUAGE_STANDARD = "gnu++20";
				CLANG_ENABLE_MODULES = YES;
				CLANG_ENABLE_OBJC_ARC = YES;
				CLANG_ENABLE_OBJC_WEAK = YES;
				CLANG_WARN_BLOCK_CAPTURE_AUTORELEASING = YES;
				CLANG_WARN_BOOL_CONVERSION = YES;
				CLANG_WARN_COMMA = YES;
				CLANG_WARN_CONSTANT_CONVERSION = YES;
				CLANG_WARN_DEPRECATED_OBJC_IMPLEMENTATIONS = YES;
				CLANG_WARN_DIRECT_OBJC_ISA_USAGE = YES_ERROR;
				CLANG_WARN_DOCUMENTATION_COMMENTS = YES;
				CLANG_WARN_EMPTY_BODY = YES;
				CLANG_WARN_ENUM_CONVERSION = YES;
				CLANG_WARN_INFINITE_RECURSION = YES;
				CLANG_WARN_INT_CONVERSION = YES;
				CLANG_WARN_NON_LITERAL_NULL_CONVERSION = YES;
				CLANG_WARN_OBJC_IMPLICIT_RETAIN_SELF = YES;
				CLANG_WARN_OBJC_LITERAL_CONVERSION = YES;
				CLANG_WARN_OBJC_ROOT_CLASS = YES_ERROR;
				CLANG_WARN_QUOTED_INCLUDE_IN_FRAMEWORK_HEADER = YES;
				CLANG_WARN_RANGE_LOOP_ANALYSIS = YES;
				CLANG_WARN_STRICT_PROTOTYPES = YES;
				CLANG_WARN_SUSPICIOUS_MOVE = YES;
				CLANG_WARN_UNGUARDED_AVAILABILITY = YES_AGGRESSIVE;
				CLANG_WARN_UNREACHABLE_CODE = YES;
				CLANG_WARN__DUPLICATE_METHOD_MATCH = YES;
				COPY_PHASE_STRIP = NO;
				DEBUG_INFORMATION_FORMAT = dwarf;
				ENABLE_STRICT_OBJC_MSGSEND = YES;
				ENABLE_TESTABILITY = YES;
				ENABLE_USER_SCRIPT_SANDBOXING = YES;
				GCC_C_LANGUAGE_STANDARD = gnu17;
				GCC_DYNAMIC_NO_PIC = NO;
				GCC_NO_COMMON_BLOCKS = YES;
				GCC_OPTIMIZATION_LEVEL = 0;
				GCC_PREPROCESSOR_DEFINITIONS = (
					"DEBUG=1",
					"$(inherited)",
				);
				GCC_WARN_64_TO_32_BIT_CONVERSION = YES;
				GCC_WARN_ABOUT_RETURN_TYPE = YES_ERROR;
				GCC_WARN_UNDECLARED_SELECTOR = YES;
				GCC_WARN_UNINITIALIZED_AUTOS = YES_AGGRESSIVE;
				GCC_WARN_UNUSED_FUNCTION = YES;
				GCC_WARN_UNUSED_VARIABLE = YES;
				IPHONEOS_DEPLOYMENT_TARGET = 17.2;
				LOCALIZATION_PREFERS_STRING_CATALOGS = YES;
				MTL_ENABLE_DEBUG_INFO = INCLUDE_SOURCE;
				MTL_FAST_MATH = YES;
				ONLY_ACTIVE_ARCH = YES;
				SDKROOT = iphoneos;
				SWIFT_ACTIVE_COMPILATION_CONDITIONS = "DEBUG $(inherited)";
				SWIFT_OPTIMIZATION_LEVEL = "-Onone";
			};
			name = Debug;
		};
		DA8EEA4E2BEA245200B20493 /* Release */ = {
			isa = XCBuildConfiguration;
			buildSettings = {
				ALWAYS_SEARCH_USER_PATHS = NO;
				ASSETCATALOG_COMPILER_GENERATE_SWIFT_ASSET_SYMBOL_EXTENSIONS = YES;
				CLANG_ANALYZER_NONNULL = YES;
				CLANG_ANALYZER_NUMBER_OBJECT_CONVERSION = YES_AGGRESSIVE;
				CLANG_CXX_LANGUAGE_STANDARD = "gnu++20";
				CLANG_ENABLE_MODULES = YES;
				CLANG_ENABLE_OBJC_ARC = YES;
				CLANG_ENABLE_OBJC_WEAK = YES;
				CLANG_WARN_BLOCK_CAPTURE_AUTORELEASING = YES;
				CLANG_WARN_BOOL_CONVERSION = YES;
				CLANG_WARN_COMMA = YES;
				CLANG_WARN_CONSTANT_CONVERSION = YES;
				CLANG_WARN_DEPRECATED_OBJC_IMPLEMENTATIONS = YES;
				CLANG_WARN_DIRECT_OBJC_ISA_USAGE = YES_ERROR;
				CLANG_WARN_DOCUMENTATION_COMMENTS = YES;
				CLANG_WARN_EMPTY_BODY = YES;
				CLANG_WARN_ENUM_CONVERSION = YES;
				CLANG_WARN_INFINITE_RECURSION = YES;
				CLANG_WARN_INT_CONVERSION = YES;
				CLANG_WARN_NON_LITERAL_NULL_CONVERSION = YES;
				CLANG_WARN_OBJC_IMPLICIT_RETAIN_SELF = YES;
				CLANG_WARN_OBJC_LITERAL_CONVERSION = YES;
				CLANG_WARN_OBJC_ROOT_CLASS = YES_ERROR;
				CLANG_WARN_QUOTED_INCLUDE_IN_FRAMEWORK_HEADER = YES;
				CLANG_WARN_RANGE_LOOP_ANALYSIS = YES;
				CLANG_WARN_STRICT_PROTOTYPES = YES;
				CLANG_WARN_SUSPICIOUS_MOVE = YES;
				CLANG_WARN_UNGUARDED_AVAILABILITY = YES_AGGRESSIVE;
				CLANG_WARN_UNREACHABLE_CODE = YES;
				CLANG_WARN__DUPLICATE_METHOD_MATCH = YES;
				COPY_PHASE_STRIP = NO;
				DEBUG_INFORMATION_FORMAT = "dwarf-with-dsym";
				ENABLE_NS_ASSERTIONS = NO;
				ENABLE_STRICT_OBJC_MSGSEND = YES;
				ENABLE_USER_SCRIPT_SANDBOXING = YES;
				GCC_C_LANGUAGE_STANDARD = gnu17;
				GCC_NO_COMMON_BLOCKS = YES;
				GCC_WARN_64_TO_32_BIT_CONVERSION = YES;
				GCC_WARN_ABOUT_RETURN_TYPE = YES_ERROR;
				GCC_WARN_UNDECLARED_SELECTOR = YES;
				GCC_WARN_UNINITIALIZED_AUTOS = YES_AGGRESSIVE;
				GCC_WARN_UNUSED_FUNCTION = YES;
				GCC_WARN_UNUSED_VARIABLE = YES;
				IPHONEOS_DEPLOYMENT_TARGET = 17.2;
				LOCALIZATION_PREFERS_STRING_CATALOGS = YES;
				MTL_ENABLE_DEBUG_INFO = NO;
				MTL_FAST_MATH = YES;
				SDKROOT = iphoneos;
				SWIFT_COMPILATION_MODE = wholemodule;
				VALIDATE_PRODUCT = YES;
			};
			name = Release;
		};
		DA8EEA502BEA245200B20493 /* Debug */ = {
			isa = XCBuildConfiguration;
			buildSettings = {
				ASSETCATALOG_COMPILER_APPICON_NAME = AppIcon;
				ASSETCATALOG_COMPILER_GLOBAL_ACCENT_COLOR_NAME = AccentColor;
				CODE_SIGN_STYLE = Automatic;
				CURRENT_PROJECT_VERSION = 1;
				DEVELOPMENT_TEAM = HZZ3UM645L;
				GENERATE_INFOPLIST_FILE = YES;
				INFOPLIST_FILE = Task2/Info.plist;
				INFOPLIST_KEY_UIApplicationSupportsIndirectInputEvents = YES;
				INFOPLIST_KEY_UILaunchStoryboardName = LaunchScreen;
				INFOPLIST_KEY_UIMainStoryboardFile = Main;
				INFOPLIST_KEY_UISupportedInterfaceOrientations_iPad = "UIInterfaceOrientationPortrait UIInterfaceOrientationPortraitUpsideDown UIInterfaceOrientationLandscapeLeft UIInterfaceOrientationLandscapeRight";
				INFOPLIST_KEY_UISupportedInterfaceOrientations_iPhone = "UIInterfaceOrientationPortrait UIInterfaceOrientationLandscapeLeft UIInterfaceOrientationLandscapeRight";
				LD_RUNPATH_SEARCH_PATHS = (
					"$(inherited)",
					"@executable_path/Frameworks",
				);
				MARKETING_VERSION = 1.0;
				PRODUCT_BUNDLE_IDENTIFIER = com.skia.Task2;
				PRODUCT_NAME = "$(TARGET_NAME)";
				SWIFT_EMIT_LOC_STRINGS = YES;
				SWIFT_VERSION = 5.0;
				TARGETED_DEVICE_FAMILY = "1,2";
			};
			name = Debug;
		};
		DA8EEA512BEA245200B20493 /* Release */ = {
			isa = XCBuildConfiguration;
			buildSettings = {
				ASSETCATALOG_COMPILER_APPICON_NAME = AppIcon;
				ASSETCATALOG_COMPILER_GLOBAL_ACCENT_COLOR_NAME = AccentColor;
				CODE_SIGN_STYLE = Automatic;
				CURRENT_PROJECT_VERSION = 1;
				DEVELOPMENT_TEAM = HZZ3UM645L;
				GENERATE_INFOPLIST_FILE = YES;
				INFOPLIST_FILE = Task2/Info.plist;
				INFOPLIST_KEY_UIApplicationSupportsIndirectInputEvents = YES;
				INFOPLIST_KEY_UILaunchStoryboardName = LaunchScreen;
				INFOPLIST_KEY_UIMainStoryboardFile = Main;
				INFOPLIST_KEY_UISupportedInterfaceOrientations_iPad = "UIInterfaceOrientationPortrait UIInterfaceOrientationPortraitUpsideDown UIInterfaceOrientationLandscapeLeft UIInterfaceOrientationLandscapeRight";
				INFOPLIST_KEY_UISupportedInterfaceOrientations_iPhone = "UIInterfaceOrientationPortrait UIInterfaceOrientationLandscapeLeft UIInterfaceOrientationLandscapeRight";
				LD_RUNPATH_SEARCH_PATHS = (
					"$(inherited)",
					"@executable_path/Frameworks",
				);
				MARKETING_VERSION = 1.0;
				PRODUCT_BUNDLE_IDENTIFIER = com.skia.Task2;
				PRODUCT_NAME = "$(TARGET_NAME)";
				SWIFT_EMIT_LOC_STRINGS = YES;
				SWIFT_VERSION = 5.0;
				TARGETED_DEVICE_FAMILY = "1,2";
			};
			name = Release;
		};
		DA8EEA532BEA245200B20493 /* Debug */ = {
			isa = XCBuildConfiguration;
			buildSettings = {
				ALWAYS_EMBED_SWIFT_STANDARD_LIBRARIES = YES;
				BUNDLE_LOADER = "$(TEST_HOST)";
				CODE_SIGN_STYLE = Automatic;
				CURRENT_PROJECT_VERSION = 1;
				DEVELOPMENT_TEAM = HZZ3UM645L;
				GENERATE_INFOPLIST_FILE = YES;
				IPHONEOS_DEPLOYMENT_TARGET = 17.2;
				MARKETING_VERSION = 1.0;
				PRODUCT_BUNDLE_IDENTIFIER = com.skia.Task2Tests;
				PRODUCT_NAME = "$(TARGET_NAME)";
				SWIFT_EMIT_LOC_STRINGS = NO;
				SWIFT_VERSION = 5.0;
				TARGETED_DEVICE_FAMILY = "1,2";
				TEST_HOST = "$(BUILT_PRODUCTS_DIR)/Task2.app/$(BUNDLE_EXECUTABLE_FOLDER_PATH)/Task2";
			};
			name = Debug;
		};
		DA8EEA542BEA245200B20493 /* Release */ = {
			isa = XCBuildConfiguration;
			buildSettings = {
				ALWAYS_EMBED_SWIFT_STANDARD_LIBRARIES = YES;
				BUNDLE_LOADER = "$(TEST_HOST)";
				CODE_SIGN_STYLE = Automatic;
				CURRENT_PROJECT_VERSION = 1;
				DEVELOPMENT_TEAM = HZZ3UM645L;
				GENERATE_INFOPLIST_FILE = YES;
				IPHONEOS_DEPLOYMENT_TARGET = 17.2;
				MARKETING_VERSION = 1.0;
				PRODUCT_BUNDLE_IDENTIFIER = com.skia.Task2Tests;
				PRODUCT_NAME = "$(TARGET_NAME)";
				SWIFT_EMIT_LOC_STRINGS = NO;
				SWIFT_VERSION = 5.0;
				TARGETED_DEVICE_FAMILY = "1,2";
				TEST_HOST = "$(BUILT_PRODUCTS_DIR)/Task2.app/$(BUNDLE_EXECUTABLE_FOLDER_PATH)/Task2";
			};
			name = Release;
		};
		DA8EEA562BEA245200B20493 /* Debug */ = {
			isa = XCBuildConfiguration;
			buildSettings = {
				ALWAYS_EMBED_SWIFT_STANDARD_LIBRARIES = YES;
				CODE_SIGN_STYLE = Automatic;
				CURRENT_PROJECT_VERSION = 1;
				DEVELOPMENT_TEAM = HZZ3UM645L;
				GENERATE_INFOPLIST_FILE = YES;
				MARKETING_VERSION = 1.0;
				PRODUCT_BUNDLE_IDENTIFIER = com.skia.Task2UITests;
				PRODUCT_NAME = "$(TARGET_NAME)";
				SWIFT_EMIT_LOC_STRINGS = NO;
				SWIFT_VERSION = 5.0;
				TARGETED_DEVICE_FAMILY = "1,2";
				TEST_TARGET_NAME = Task2;
			};
			name = Debug;
		};
		DA8EEA572BEA245200B20493 /* Release */ = {
			isa = XCBuildConfiguration;
			buildSettings = {
				ALWAYS_EMBED_SWIFT_STANDARD_LIBRARIES = YES;
				CODE_SIGN_STYLE = Automatic;
				CURRENT_PROJECT_VERSION = 1;
				DEVELOPMENT_TEAM = HZZ3UM645L;
				GENERATE_INFOPLIST_FILE = YES;
				MARKETING_VERSION = 1.0;
				PRODUCT_BUNDLE_IDENTIFIER = com.skia.Task2UITests;
				PRODUCT_NAME = "$(TARGET_NAME)";
				SWIFT_EMIT_LOC_STRINGS = NO;
				SWIFT_VERSION = 5.0;
				TARGETED_DEVICE_FAMILY = "1,2";
				TEST_TARGET_NAME = Task2;
			};
			name = Release;
		};
/* End XCBuildConfiguration section */

/* Begin XCConfigurationList section */
		DA8EEA202BEA245100B20493 /* Build configuration list for PBXProject "Task2" */ = {
			isa = XCConfigurationList;
			buildConfigurations = (
				DA8EEA4D2BEA245200B20493 /* Debug */,
				DA8EEA4E2BEA245200B20493 /* Release */,
			);
			defaultConfigurationIsVisible = 0;
			defaultConfigurationName = Release;
		};
		DA8EEA4F2BEA245200B20493 /* Build configuration list for PBXNativeTarget "Task2" */ = {
			isa = XCConfigurationList;
			buildConfigurations = (
				DA8EEA502BEA245200B20493 /* Debug */,
				DA8EEA512BEA245200B20493 /* Release */,
			);
			defaultConfigurationIsVisible = 0;
			defaultConfigurationName = Release;
		};
		DA8EEA522BEA245200B20493 /* Build configuration list for PBXNativeTarget "Task2Tests" */ = {
			isa = XCConfigurationList;
			buildConfigurations = (
				DA8EEA532BEA245200B20493 /* Debug */,
				DA8EEA542BEA245200B20493 /* Release */,
			);
			defaultConfigurationIsVisible = 0;
			defaultConfigurationName = Release;
		};
		DA8EEA552BEA245200B20493 /* Build configuration list for PBXNativeTarget "Task2UITests" */ = {
			isa = XCConfigurationList;
			buildConfigurations = (
				DA8EEA562BEA245200B20493 /* Debug */,
				DA8EEA572BEA245200B20493 /* Release */,
			);
			defaultConfigurationIsVisible = 0;
			defaultConfigurationName = Release;
		};
/* End XCConfigurationList section */

/* Begin XCRemoteSwiftPackageReference section */
		DAB422792BF1D5DB005CAE27 /* XCRemoteSwiftPackageReference "Alamofire" */ = {
			isa = XCRemoteSwiftPackageReference;
			repositoryURL = "https://github.com/Alamofire/Alamofire.git";
			requirement = {
				kind = exactVersion;
				version = 5.8.1;
			};
		};
		DAB4227A2BF1D5F0005CAE27 /* XCRemoteSwiftPackageReference "GZIP" */ = {
			isa = XCRemoteSwiftPackageReference;
			repositoryURL = "https://github.com/nicklockwood/GZIP";
			requirement = {
				kind = exactVersion;
				version = 1.3.1;
			};
		};
/* End XCRemoteSwiftPackageReference section */

/* Begin XCSwiftPackageProductDependency section */
		DAB4227B2BF1D5F0005CAE27 /* GZIP */ = {
			isa = XCSwiftPackageProductDependency;
			package = DAB4227A2BF1D5F0005CAE27 /* XCRemoteSwiftPackageReference "GZIP" */;
			productName = GZIP;
		};
/* End XCSwiftPackageProductDependency section */
	};
	rootObject = DA8EEA1D2BEA245100B20493 /* Project object */;
}
