// !$*UTF8*$!
{
	archiveVersion = 1;
	classes = {
	};
	objectVersion = 56;
	objects = {

/* Begin PBXBuildFile section */
		DA8EEA292BEA245100B20493 /* AppDelegate.swift in Sources */ = {isa = PBXBuildFile; fileRef = DA8EEA282BEA245100B20493 /* AppDelegate.swift */; };
		DA8EEA2B2BEA245100B20493 /* SceneDelegate.swift in Sources */ = {isa = PBXBuildFile; fileRef = DA8EEA2A2BEA245100B20493 /* SceneDelegate.swift */; };
		DA8EEA2D2BEA245100B20493 /* ViewController.swift in Sources */ = {isa = PBXBuildFile; fileRef = DA8EEA2C2BEA245100B20493 /* ViewController.swift */; };
		DA8EEA302BEA245100B20493 /* Main.storyboard in Resources */ = {isa = PBXBuildFile; fileRef = DA8EEA2E2BEA245100B20493 /* Main.storyboard */; };
		DA8EEA322BEA245200B20493 /* Assets.xcassets in Resources */ = {isa = PBXBuildFile; fileRef = DA8EEA312BEA245200B20493 /* Assets.xcassets */; };
		DA8EEA352BEA245200B20493 /* LaunchScreen.storyboard in Resources */ = {isa = PBXBuildFile; fileRef = DA8EEA332BEA245200B20493 /* LaunchScreen.storyboard */; };
		DA8EEA402BEA245200B20493 /* Task2Tests.swift in Sources */ = {isa = PBXBuildFile; fileRef = DA8EEA3F2BEA245200B20493 /* Task2Tests.swift */; };
		DA8EEA4A2BEA245200B20493 /* Task2UITests.swift in Sources */ = {isa = PBXBuildFile; fileRef = DA8EEA492BEA245200B20493 /* Task2UITests.swift */; };
		DA8EEA4C2BEA245200B20493 /* Task2UITestsLaunchTests.swift in Sources */ = {isa = PBXBuildFile; fileRef = DA8EEA4B2BEA245200B20493 /* Task2UITestsLaunchTests.swift */; };
/* End PBXBuildFile section */

/* Begin PBXContainerItemProxy section */
		DA8EEA3C2BEA245200B20493 /* PBXContainerItemProxy */ = {
			isa = PBXContainerItemProxy;
			containerPortal = DA8EEA1D2BEA245100B20493 /* Project object */;
			proxyType = 1;
			remoteGlobalIDString = DA8EEA242BEA245100B20493;
			remoteInfo = Task2;
		};
		DA8EEA462BEA245200B20493 /* PBXContainerItemProxy */ = {
			isa = PBXContainerItemProxy;
			containerPortal = DA8EEA1D2BEA245100B20493 /* Project object */;
			proxyType = 1;
			remoteGlobalIDString = DA8EEA242BEA245100B20493;
			remoteInfo = Task2;
		};
/* End PBXContainerItemProxy section */

/* Begin PBXFileReference section */
		DA8EEA252BEA245100B20493 /* Task2.app */ = {isa = PBXFileReference; explicitFileType = wrapper.application; includeInIndex = 0; path = Task2.app; sourceTree = BUILT_PRODUCTS_DIR; };
		DA8EEA282BEA245100B20493 /* AppDelegate.swift */ = {isa = PBXFileReference; lastKnownFileType = sourcecode.swift; path = AppDelegate.swift; sourceTree = "<group>"; };
		DA8EEA2A2BEA245100B20493 /* SceneDelegate.swift */ = {isa = PBXFileReference; lastKnownFileType = sourcecode.swift; path = SceneDelegate.swift; sourceTree = "<group>"; };
		DA8EEA2C2BEA245100B20493 /* ViewController.swift */ = {isa = PBXFileReference; lastKnownFileType = sourcecode.swift; path = ViewController.swift; sourceTree = "<group>"; };
		DA8EEA2F2BEA245100B20493 /* Base */ = {isa = PBXFileReference; lastKnownFileType = file.storyboard; name = Base; path = Base.lproj/Main.storyboard; sourceTree = "<group>"; };
		DA8EEA312BEA245200B20493 /* Assets.xcassets */ = {isa = PBXFileReference; lastKnownFileType = folder.assetcatalog; path = Assets.xcassets; sourceTree = "<group>"; };
		DA8EEA342BEA245200B20493 /* Base */ = {isa = PBXFileReference; lastKnownFileType = file.storyboard; name = Base; path = Base.lproj/LaunchScreen.storyboard; sourceTree = "<group>"; };
		DA8EEA362BEA245200B20493 /* Info.plist */ = {isa = PBXFileReference; lastKnownFileType = text.plist.xml; path = Info.plist; sourceTree = "<group>"; };
		DA8EEA3B2BEA245200B20493 /* Task2Tests.xctest */ = {isa = PBXFileReference; explicitFileType = wrapper.cfbundle; includeInIndex = 0; path = Task2Tests.xctest; sourceTree = BUILT_PRODUCTS_DIR; };
		DA8EEA3F2BEA245200B20493 /* Task2Tests.swift */ = {isa = PBXFileReference; lastKnownFileType = sourcecode.swift; path = Task2Tests.swift; sourceTree = "<group>"; };
		DA8EEA452BEA245200B20493 /* Task2UITests.xctest */ = {isa = PBXFileReference; explicitFileType = wrapper.cfbundle; includeInIndex = 0; path = Task2UITests.xctest; sourceTree = BUILT_PRODUCTS_DIR; };
		DA8EEA492BEA245200B20493 /* Task2UITests.swift */ = {isa = PBXFileReference; lastKnownFileType = sourcecode.swift; path = Task2UITests.swift; sourceTree = "<group>"; };
		DA8EEA4B2BEA245200B20493 /* Task2UITestsLaunchTests.swift */ = {isa = PBXFileReference; lastKnownFileType = sourcecode.swift; path = Task2UITestsLaunchTests.swift; sourceTree = "<group>"; };
/* End PBXFileReference section */

/* Begin PBXFrameworksBuildPhase section */
		DA8EEA222BEA245100B20493 /* Frameworks */ = {
			isa = PBXFrameworksBuildPhase;
			buildActionMask = 2147483647;
			files = (
			);
			runOnlyForDeploymentPostprocessing = 0;
		};
		DA8EEA382BEA245200B20493 /* Frameworks */ = {
			isa = PBXFrameworksBuildPhase;
			buildActionMask = 2147483647;
			files = (
			);
			runOnlyForDeploymentPostprocessing = 0;
		};
		DA8EEA422BEA245200B20493 /* Frameworks */ = {
			isa = PBXFrameworksBuildPhase;
			buildActionMask = 2147483647;
			files = (
			);
			runOnlyForDeploymentPostprocessing = 0;
		};
/* End PBXFrameworksBuildPhase section */

/* Begin PBXGroup section */
		DA8EEA1C2BEA245100B20493 = {
			isa = PBXGroup;
			children = (
				DA8EEA272BEA245100B20493 /* Task2 */,
				DA8EEA3E2BEA245200B20493 /* Task2Tests */,
				DA8EEA482BEA245200B20493 /* Task2UITests */,
				DA8EEA262BEA245100B20493 /* Products */,
			);
			sourceTree = "<group>";
		};
		DA8EEA262BEA245100B20493 /* Products */ = {
			isa = PBXGroup;
			children = (
				DA8EEA252BEA245100B20493 /* Task2.app */,
				DA8EEA3B2BEA245200B20493 /* Task2Tests.xctest */,
				DA8EEA452BEA245200B20493 /* Task2UITests.xctest */,
			);
			name = Products;
			sourceTree = "<group>";
		};
		DA8EEA272BEA245100B20493 /* Task2 */ = {
			isa = PBXGroup;
			children = (
				DA8EEA282BEA245100B20493 /* AppDelegate.swift */,
				DA8EEA2A2BEA245100B20493 /* SceneDelegate.swift */,
				DA8EEA2C2BEA245100B20493 /* ViewController.swift */,
				DA8EEA2E2BEA245100B20493 /* Main.storyboard */,
				DA8EEA312BEA245200B20493 /* Assets.xcassets */,
				DA8EEA332BEA245200B20493 /* LaunchScreen.storyboard */,
				DA8EEA362BEA245200B20493 /* Info.plist */,
			);
			path = Task2;
			sourceTree = "<group>";
		};
		DA8EEA3E2BEA245200B20493 /* Task2Tests */ = {
			isa = PBXGroup;
			children = (
				DA8EEA3F2BEA245200B20493 /* Task2Tests.swift */,
			);
			path = Task2Tests;
			sourceTree = "<group>";
		};
		DA8EEA482BEA245200B20493 /* Task2UITests */ = {
			isa = PBXGroup;
			children = (
				DA8EEA492BEA245200B20493 /* Task2UITests.swift */,
				DA8EEA4B2BEA245200B20493 /* Task2UITestsLaunchTests.swift */,
			);
			path = Task2UITests;
			sourceTree = "<group>";
		};
/* End PBXGroup section */

/* Begin PBXNativeTarget section */
		DA8EEA242BEA245100B20493 /* Task2 */ = {
			isa = PBXNativeTarget;
			buildConfigurationList = DA8EEA4F2BEA245200B20493 /* Build configuration list for PBXNativeTarget "Task2" */;
			buildPhases = (
				DA8EEA212BEA245100B20493 /* Sources */,
				DA8EEA222BEA245100B20493 /* Frameworks */,
				DA8EEA232BEA245100B20493 /* Resources */,
			);
			buildRules = (
			);
			dependencies = (
			);
			name = Task2;
			productName = Task2;
			productReference = DA8EEA252BEA245100B20493 /* Task2.app */;
			productType = "com.apple.product-type.application";
		};
		DA8EEA3A2BEA245200B20493 /* Task2Tests */ = {
			isa = PBXNativeTarget;
			buildConfigurationList = DA8EEA522BEA245200B20493 /* Build configuration list for PBXNativeTarget "Task2Tests" */;
			buildPhases = (
				DA8EEA372BEA245200B20493 /* Sources */,
				DA8EEA382BEA245200B20493 /* Frameworks */,
				DA8EEA392BEA245200B20493 /* Resources */,
			);
			buildRules = (
			);
			dependencies = (
				DA8EEA3D2BEA245200B20493 /* PBXTargetDependency */,
			);
			name = Task2Tests;
			productName = Task2Tests;
			productReference = DA8EEA3B2BEA245200B20493 /* Task2Tests.xctest */;
			productType = "com.apple.product-type.bundle.unit-test";
		};
		DA8EEA442BEA245200B20493 /* Task2UITests */ = {
			isa = PBXNativeTarget;
			buildConfigurationList = DA8EEA552BEA245200B20493 /* Build configuration list for PBXNativeTarget "Task2UITests" */;
			buildPhases = (
				DA8EEA412BEA245200B20493 /* Sources */,
				DA8EEA422BEA245200B20493 /* Frameworks */,
				DA8EEA432BEA245200B20493 /* Resources */,
			);
			buildRules = (
			);
			dependencies = (
				DA8EEA472BEA245200B20493 /* PBXTargetDependency */,
			);
			name = Task2UITests;
			productName = Task2UITests;
			productReference = DA8EEA452BEA245200B20493 /* Task2UITests.xctest */;
			productType = "com.apple.product-type.bundle.ui-testing";
		};
/* End PBXNativeTarget section */

/* Begin PBXProject section */
		DA8EEA1D2BEA245100B20493 /* Project object */ = {
			isa = PBXProject;
			attributes = {
				BuildIndependentTargetsInParallel = 1;
				LastSwiftUpdateCheck = 1510;
				LastUpgradeCheck = 1510;
				TargetAttributes = {
					DA8EEA242BEA245100B20493 = {
						CreatedOnToolsVersion = 15.1;
					};
					DA8EEA3A2BEA245200B20493 = {
						CreatedOnToolsVersion = 15.1;
						TestTargetID = DA8EEA242BEA245100B20493;
					};
					DA8EEA442BEA245200B20493 = {
						CreatedOnToolsVersion = 15.1;
						TestTargetID = DA8EEA242BEA245100B20493;
					};
				};
			};
			buildConfigurationList = DA8EEA202BEA245100B20493 /* Build configuration list for PBXProject "Task2" */;
			compatibilityVersion = "Xcode 14.0";
			developmentRegion = en;
			hasScannedForEncodings = 0;
			knownRegions = (
				en,
				Base,
			);
			mainGroup = DA8EEA1C2BEA245100B20493;
			productRefGroup = DA8EEA262BEA245100B20493 /* Products */;
			projectDirPath = "";
			projectRoot = "";
			targets = (
				DA8EEA242BEA245100B20493 /* Task2 */,
				DA8EEA3A2BEA245200B20493 /* Task2Tests */,
				DA8EEA442BEA245200B20493 /* Task2UITests */,
			);
		};
/* End PBXProject section */

/* Begin PBXResourcesBuildPhase section */
		DA8EEA232BEA245100B20493 /* Resources */ = {
			isa = PBXResourcesBuildPhase;
			buildActionMask = 2147483647;
			files = (
				DA8EEA352BEA245200B20493 /* LaunchScreen.storyboard in Resources */,
				DA8EEA322BEA245200B20493 /* Assets.xcassets in Resources */,
				DA8EEA302BEA245100B20493 /* Main.storyboard in Resources */,
			);
			runOnlyForDeploymentPostprocessing = 0;
		};
		DA8EEA392BEA245200B20493 /* Resources */ = {
			isa = PBXResourcesBuildPhase;
			buildActionMask = 2147483647;
			files = (
			);
			runOnlyForDeploymentPostprocessing = 0;
		};
		DA8EEA432BEA245200B20493 /* Resources */ = {
			isa = PBXResourcesBuildPhase;
			buildActionMask = 2147483647;
			files = (
			);
			runOnlyForDeploymentPostprocessing = 0;
		};
/* End PBXResourcesBuildPhase section */

/* Begin PBXSourcesBuildPhase section */
		DA8EEA212BEA245100B20493 /* Sources */ = {
			isa = PBXSourcesBuildPhase;
			buildActionMask = 2147483647;
			files = (
				DA8EEA2D2BEA245100B20493 /* ViewController.swift in Sources */,
				DA8EEA292BEA245100B20493 /* AppDelegate.swift in Sources */,
				DA8EEA2B2BEA245100B20493 /* SceneDelegate.swift in Sources */,
			);
			runOnlyForDeploymentPostprocessing = 0;
		};
		DA8EEA372BEA245200B20493 /* Sources */ = {
			isa = PBXSourcesBuildPhase;
			buildActionMask = 2147483647;
			files = (
				DA8EEA402BEA245200B20493 /* Task2Tests.swift in Sources */,
			);
			runOnlyForDeploymentPostprocessing = 0;
		};
		DA8EEA412BEA245200B20493 /* Sources */ = {
			isa = PBXSourcesBuildPhase;
			buildActionMask = 2147483647;
			files = (
				DA8EEA4C2BEA245200B20493 /* Task2UITestsLaunchTests.swift in Sources */,
				DA8EEA4A2BEA245200B20493 /* Task2UITests.swift in Sources */,
			);
			runOnlyForDeploymentPostprocessing = 0;
		};
/* End PBXSourcesBuildPhase section */

/* Begin PBXTargetDependency section */
		DA8EEA3D2BEA245200B20493 /* PBXTargetDependency */ = {
			isa = PBXTargetDependency;
			target = DA8EEA242BEA245100B20493 /* Task2 */;
			targetProxy = DA8EEA3C2BEA245200B20493 /* PBXContainerItemProxy */;
		};
		DA8EEA472BEA245200B20493 /* PBXTargetDependency */ = {
			isa = PBXTargetDependency;
			target = DA8EEA242BEA245100B20493 /* Task2 */;
			targetProxy = DA8EEA462BEA245200B20493 /* PBXContainerItemProxy */;
		};
/* End PBXTargetDependency section */

/* Begin PBXVariantGroup section */
		DA8EEA2E2BEA245100B20493 /* Main.storyboard */ = {
			isa = PBXVariantGroup;
			children = (
				DA8EEA2F2BEA245100B20493 /* Base */,
			);
			name = Main.storyboard;
			sourceTree = "<group>";
		};
		DA8EEA332BEA245200B20493 /* LaunchScreen.storyboard */ = {
			isa = PBXVariantGroup;
			children = (
				DA8EEA342BEA245200B20493 /* Base */,
			);
			name = LaunchScreen.storyboard;
			sourceTree = "<group>";
		};
/* End PBXVariantGroup section */

/* Begin XCBuildConfiguration section */
		DA8EEA4D2BEA245200B20493 /* Debug */ = {
			isa = XCBuildConfiguration;
			buildSettings = {
				ALWAYS_SEARCH_USER_PATHS = NO;
				ASSETCATALOG_COMPILER_GENERATE_SWIFT_ASSET_SYMBOL_EXTENSIONS = YES;
				CLANG_ANALYZER_NONNULL = YES;
				CLANG_ANALYZER_NUMBER_OBJECT_CONVERSION = YES_AGGRESSIVE;
				CLANG_CXX_LANGUAGE_STANDARD = "gnu++20";
				CLANG_ENABLE_MODULES = YES;
				CLANG_ENABLE_OBJC_ARC = YES;
				CLANG_ENABLE_OBJC_WEAK = YES;
				CLANG_WARN_BLOCK_CAPTURE_AUTORELEASING = YES;
				CLANG_WARN_BOOL_CONVERSION = YES;
				CLANG_WARN_COMMA = YES;
				CLANG_WARN_CONSTANT_CONVERSION = YES;
				CLANG_WARN_DEPRECATED_OBJC_IMPLEMENTATIONS = YES;
				CLANG_WARN_DIRECT_OBJC_ISA_USAGE = YES_ERROR;
				CLANG_WARN_DOCUMENTATION_COMMENTS = YES;
				CLANG_WARN_EMPTY_BODY = YES;
				CLANG_WARN_ENUM_CONVERSION = YES;
				CLANG_WARN_INFINITE_RECURSION = YES;
				CLANG_WARN_INT_CONVERSION = YES;
				CLANG_WARN_NON_LITERAL_NULL_CONVERSION = YES;
				CLANG_WARN_OBJC_IMPLICIT_RETAIN_SELF = YES;
				CLANG_WARN_OBJC_LITERAL_CONVERSION = YES;
				CLANG_WARN_OBJC_ROOT_CLASS = YES_ERROR;
				CLANG_WARN_QUOTED_INCLUDE_IN_FRAMEWORK_HEADER = YES;
				CLANG_WARN_RANGE_LOOP_ANALYSIS = YES;
				CLANG_WARN_STRICT_PROTOTYPES = YES;
				CLANG_WARN_SUSPICIOUS_MOVE = YES;
				CLANG_WARN_UNGUARDED_AVAILABILITY = YES_AGGRESSIVE;
				CLANG_WARN_UNREACHABLE_CODE = YES;
				CLANG_WARN__DUPLICATE_METHOD_MATCH = YES;
				COPY_PHASE_STRIP = NO;
				DEBUG_INFORMATION_FORMAT = dwarf;
				ENABLE_STRICT_OBJC_MSGSEND = YES;
				ENABLE_TESTABILITY = YES;
				ENABLE_USER_SCRIPT_SANDBOXING = YES;
				GCC_C_LANGUAGE_STANDARD = gnu17;
				GCC_DYNAMIC_NO_PIC = NO;
				GCC_NO_COMMON_BLOCKS = YES;
				GCC_OPTIMIZATION_LEVEL = 0;
				GCC_PREPROCESSOR_DEFINITIONS = (
					"DEBUG=1",
					"$(inherited)",
				);
				GCC_WARN_64_TO_32_BIT_CONVERSION = YES;
				GCC_WARN_ABOUT_RETURN_TYPE = YES_ERROR;
				GCC_WARN_UNDECLARED_SELECTOR = YES;
				GCC_WARN_UNINITIALIZED_AUTOS = YES_AGGRESSIVE;
				GCC_WARN_UNUSED_FUNCTION = YES;
				GCC_WARN_UNUSED_VARIABLE = YES;
				IPHONEOS_DEPLOYMENT_TARGET = 17.2;
				LOCALIZATION_PREFERS_STRING_CATALOGS = YES;
				MTL_ENABLE_DEBUG_INFO = INCLUDE_SOURCE;
				MTL_FAST_MATH = YES;
				ONLY_ACTIVE_ARCH = YES;
				SDKROOT = iphoneos;
				SWIFT_ACTIVE_COMPILATION_CONDITIONS = "DEBUG $(inherited)";
				SWIFT_OPTIMIZATION_LEVEL = "-Onone";
			};
			name = Debug;
		};
		DA8EEA4E2BEA245200B20493 /* Release */ = {
			isa = XCBuildConfiguration;
			buildSettings = {
				ALWAYS_SEARCH_USER_PATHS = NO;
				ASSETCATALOG_COMPILER_GENERATE_SWIFT_ASSET_SYMBOL_EXTENSIONS = YES;
				CLANG_ANALYZER_NONNULL = YES;
				CLANG_ANALYZER_NUMBER_OBJECT_CONVERSION = YES_AGGRESSIVE;
				CLANG_CXX_LANGUAGE_STANDARD = "gnu++20";
				CLANG_ENABLE_MODULES = YES;
				CLANG_ENABLE_OBJC_ARC = YES;
				CLANG_ENABLE_OBJC_WEAK = YES;
				CLANG_WARN_BLOCK_CAPTURE_AUTORELEASING = YES;
				CLANG_WARN_BOOL_CONVERSION = YES;
				CLANG_WARN_COMMA = YES;
				CLANG_WARN_CONSTANT_CONVERSION = YES;
				CLANG_WARN_DEPRECATED_OBJC_IMPLEMENTATIONS = YES;
				CLANG_WARN_DIRECT_OBJC_ISA_USAGE = YES_ERROR;
				CLANG_WARN_DOCUMENTATION_COMMENTS = YES;
				CLANG_WARN_EMPTY_BODY = YES;
				CLANG_WARN_ENUM_CONVERSION = YES;
				CLANG_WARN_INFINITE_RECURSION = YES;
				CLANG_WARN_INT_CONVERSION = YES;
				CLANG_WARN_NON_LITERAL_NULL_CONVERSION = YES;
				CLANG_WARN_OBJC_IMPLICIT_RETAIN_SELF = YES;
				CLANG_WARN_OBJC_LITERAL_CONVERSION = YES;
				CLANG_WARN_OBJC_ROOT_CLASS = YES_ERROR;
				CLANG_WARN_QUOTED_INCLUDE_IN_FRAMEWORK_HEADER = YES;
				CLANG_WARN_RANGE_LOOP_ANALYSIS = YES;
				CLANG_WARN_STRICT_PROTOTYPES = YES;
				CLANG_WARN_SUSPICIOUS_MOVE = YES;
				CLANG_WARN_UNGUARDED_AVAILABILITY = YES_AGGRESSIVE;
				CLANG_WARN_UNREACHABLE_CODE = YES;
				CLANG_WARN__DUPLICATE_METHOD_MATCH = YES;
				COPY_PHASE_STRIP = NO;
				DEBUG_INFORMATION_FORMAT = "dwarf-with-dsym";
				ENABLE_NS_ASSERTIONS = NO;
				ENABLE_STRICT_OBJC_MSGSEND = YES;
				ENABLE_USER_SCRIPT_SANDBOXING = YES;
				GCC_C_LANGUAGE_STANDARD = gnu17;
				GCC_NO_COMMON_BLOCKS = YES;
				GCC_WARN_64_TO_32_BIT_CONVERSION = YES;
				GCC_WARN_ABOUT_RETURN_TYPE = YES_ERROR;
				GCC_WARN_UNDECLARED_SELECTOR = YES;
				GCC_WARN_UNINITIALIZED_AUTOS = YES_AGGRESSIVE;
				GCC_WARN_UNUSED_FUNCTION = YES;
				GCC_WARN_UNUSED_VARIABLE = YES;
				IPHONEOS_DEPLOYMENT_TARGET = 17.2;
				LOCALIZATION_PREFERS_STRING_CATALOGS = YES;
				MTL_ENABLE_DEBUG_INFO = NO;
				MTL_FAST_MATH = YES;
				SDKROOT = iphoneos;
				SWIFT_COMPILATION_MODE = wholemodule;
				VALIDATE_PRODUCT = YES;
			};
			name = Release;
		};
		DA8EEA502BEA245200B20493 /* Debug */ = {
			isa = XCBuildConfiguration;
			buildSettings = {
				ASSETCATALOG_COMPILER_APPICON_NAME = AppIcon;
				ASSETCATALOG_COMPILER_GLOBAL_ACCENT_COLOR_NAME = AccentColor;
				CODE_SIGN_STYLE = Automatic;
				CURRENT_PROJECT_VERSION = 1;
				DEVELOPMENT_TEAM = HZZ3UM645L;
				GENERATE_INFOPLIST_FILE = YES;
				INFOPLIST_FILE = Task2/Info.plist;
				INFOPLIST_KEY_UIApplicationSupportsIndirectInputEvents = YES;
				INFOPLIST_KEY_UILaunchStoryboardName = LaunchScreen;
				INFOPLIST_KEY_UIMainStoryboardFile = Main;
				INFOPLIST_KEY_UISupportedInterfaceOrientations_iPad = "UIInterfaceOrientationPortrait UIInterfaceOrientationPortraitUpsideDown UIInterfaceOrientationLandscapeLeft UIInterfaceOrientationLandscapeRight";
				INFOPLIST_KEY_UISupportedInterfaceOrientations_iPhone = "UIInterfaceOrientationPortrait UIInterfaceOrientationLandscapeLeft UIInterfaceOrientationLandscapeRight";
				LD_RUNPATH_SEARCH_PATHS = (
					"$(inherited)",
					"@executable_path/Frameworks",
				);
				MARKETING_VERSION = 1.0;
				PRODUCT_BUNDLE_IDENTIFIER = com.skia.Task2;
				PRODUCT_NAME = "$(TARGET_NAME)";
				SWIFT_EMIT_LOC_STRINGS = YES;
				SWIFT_VERSION = 5.0;
				TARGETED_DEVICE_FAMILY = "1,2";
			};
			name = Debug;
		};
		DA8EEA512BEA245200B20493 /* Release */ = {
			isa = XCBuildConfiguration;
			buildSettings = {
				ASSETCATALOG_COMPILER_APPICON_NAME = AppIcon;
				ASSETCATALOG_COMPILER_GLOBAL_ACCENT_COLOR_NAME = AccentColor;
				CODE_SIGN_STYLE = Automatic;
				CURRENT_PROJECT_VERSION = 1;
				DEVELOPMENT_TEAM = HZZ3UM645L;
				GENERATE_INFOPLIST_FILE = YES;
				INFOPLIST_FILE = Task2/Info.plist;
				INFOPLIST_KEY_UIApplicationSupportsIndirectInputEvents = YES;
				INFOPLIST_KEY_UILaunchStoryboardName = LaunchScreen;
				INFOPLIST_KEY_UIMainStoryboardFile = Main;
				INFOPLIST_KEY_UISupportedInterfaceOrientations_iPad = "UIInterfaceOrientationPortrait UIInterfaceOrientationPortraitUpsideDown UIInterfaceOrientationLandscapeLeft UIInterfaceOrientationLandscapeRight";
				INFOPLIST_KEY_UISupportedInterfaceOrientations_iPhone = "UIInterfaceOrientationPortrait UIInterfaceOrientationLandscapeLeft UIInterfaceOrientationLandscapeRight";
				LD_RUNPATH_SEARCH_PATHS = (
					"$(inherited)",
					"@executable_path/Frameworks",
				);
				MARKETING_VERSION = 1.0;
				PRODUCT_BUNDLE_IDENTIFIER = com.skia.Task2;
				PRODUCT_NAME = "$(TARGET_NAME)";
				SWIFT_EMIT_LOC_STRINGS = YES;
				SWIFT_VERSION = 5.0;
				TARGETED_DEVICE_FAMILY = "1,2";
			};
			name = Release;
		};
		DA8EEA532BEA245200B20493 /* Debug */ = {
			isa = XCBuildConfiguration;
			buildSettings = {
				ALWAYS_EMBED_SWIFT_STANDARD_LIBRARIES = YES;
				BUNDLE_LOADER = "$(TEST_HOST)";
				CODE_SIGN_STYLE = Automatic;
				CURRENT_PROJECT_VERSION = 1;
				DEVELOPMENT_TEAM = HZZ3UM645L;
				GENERATE_INFOPLIST_FILE = YES;
				IPHONEOS_DEPLOYMENT_TARGET = 17.2;
				MARKETING_VERSION = 1.0;
				PRODUCT_BUNDLE_IDENTIFIER = com.skia.Task2Tests;
				PRODUCT_NAME = "$(TARGET_NAME)";
				SWIFT_EMIT_LOC_STRINGS = NO;
				SWIFT_VERSION = 5.0;
				TARGETED_DEVICE_FAMILY = "1,2";
				TEST_HOST = "$(BUILT_PRODUCTS_DIR)/Task2.app/$(BUNDLE_EXECUTABLE_FOLDER_PATH)/Task2";
			};
			name = Debug;
		};
		DA8EEA542BEA245200B20493 /* Release */ = {
			isa = XCBuildConfiguration;
			buildSettings = {
				ALWAYS_EMBED_SWIFT_STANDARD_LIBRARIES = YES;
				BUNDLE_LOADER = "$(TEST_HOST)";
				CODE_SIGN_STYLE = Automatic;
				CURRENT_PROJECT_VERSION = 1;
				DEVELOPMENT_TEAM = HZZ3UM645L;
				GENERATE_INFOPLIST_FILE = YES;
				IPHONEOS_DEPLOYMENT_TARGET = 17.2;
				MARKETING_VERSION = 1.0;
				PRODUCT_BUNDLE_IDENTIFIER = com.skia.Task2Tests;
				PRODUCT_NAME = "$(TARGET_NAME)";
				SWIFT_EMIT_LOC_STRINGS = NO;
				SWIFT_VERSION = 5.0;
				TARGETED_DEVICE_FAMILY = "1,2";
				TEST_HOST = "$(BUILT_PRODUCTS_DIR)/Task2.app/$(BUNDLE_EXECUTABLE_FOLDER_PATH)/Task2";
			};
			name = Release;
		};
		DA8EEA562BEA245200B20493 /* Debug */ = {
			isa = XCBuildConfiguration;
			buildSettings = {
				ALWAYS_EMBED_SWIFT_STANDARD_LIBRARIES = YES;
				CODE_SIGN_STYLE = Automatic;
				CURRENT_PROJECT_VERSION = 1;
				DEVELOPMENT_TEAM = HZZ3UM645L;
				GENERATE_INFOPLIST_FILE = YES;
				MARKETING_VERSION = 1.0;
				PRODUCT_BUNDLE_IDENTIFIER = com.skia.Task2UITests;
				PRODUCT_NAME = "$(TARGET_NAME)";
				SWIFT_EMIT_LOC_STRINGS = NO;
				SWIFT_VERSION = 5.0;
				TARGETED_DEVICE_FAMILY = "1,2";
				TEST_TARGET_NAME = Task2;
			};
			name = Debug;
		};
		DA8EEA572BEA245200B20493 /* Release */ = {
			isa = XCBuildConfiguration;
			buildSettings = {
				ALWAYS_EMBED_SWIFT_STANDARD_LIBRARIES = YES;
				CODE_SIGN_STYLE = Automatic;
				CURRENT_PROJECT_VERSION = 1;
				DEVELOPMENT_TEAM = HZZ3UM645L;
				GENERATE_INFOPLIST_FILE = YES;
				MARKETING_VERSION = 1.0;
				PRODUCT_BUNDLE_IDENTIFIER = com.skia.Task2UITests;
				PRODUCT_NAME = "$(TARGET_NAME)";
				SWIFT_EMIT_LOC_STRINGS = NO;
				SWIFT_VERSION = 5.0;
				TARGETED_DEVICE_FAMILY = "1,2";
				TEST_TARGET_NAME = Task2;
			};
			name = Release;
		};
/* End XCBuildConfiguration section */

/* Begin XCConfigurationList section */
		DA8EEA202BEA245100B20493 /* Build configuration list for PBXProject "Task2" */ = {
			isa = XCConfigurationList;
			buildConfigurations = (
				DA8EEA4D2BEA245200B20493 /* Debug */,
				DA8EEA4E2BEA245200B20493 /* Release */,
			);
			defaultConfigurationIsVisible = 0;
			defaultConfigurationName = Release;
		};
		DA8EEA4F2BEA245200B20493 /* Build configuration list for PBXNativeTarget "Task2" */ = {
			isa = XCConfigurationList;
			buildConfigurations = (
				DA8EEA502BEA245200B20493 /* Debug */,
				DA8EEA512BEA245200B20493 /* Release */,
			);
			defaultConfigurationIsVisible = 0;
			defaultConfigurationName = Release;
		};
		DA8EEA522BEA245200B20493 /* Build configuration list for PBXNativeTarget "Task2Tests" */ = {
			isa = XCConfigurationList;
			buildConfigurations = (
				DA8EEA532BEA245200B20493 /* Debug */,
				DA8EEA542BEA245200B20493 /* Release */,
			);
			defaultConfigurationIsVisible = 0;
			defaultConfigurationName = Release;
		};
		DA8EEA552BEA245200B20493 /* Build configuration list for PBXNativeTarget "Task2UITests" */ = {
			isa = XCConfigurationList;
			buildConfigurations = (
				DA8EEA562BEA245200B20493 /* Debug */,
				DA8EEA572BEA245200B20493 /* Release */,
			);
			defaultConfigurationIsVisible = 0;
			defaultConfigurationName = Release;
		};
/* End XCConfigurationList section */
	};
	rootObject = DA8EEA1D2BEA245100B20493 /* Project object */;
}
